
Microsoft Visual Studio Solution File, Format Version 12.00
# Visual Studio Version 17
VisualStudioVersion = 17.2.32616.157
MinimumVisualStudioVersion = 10.0.40219.1
Project("{FAE04EC0-301F-11D3-BF4B-00C04F79EFBC}") = "Area and Perimeter", "Area and Perimeter\Area and Perimeter.csproj", "{5387A3E6-81FE-4863-A306-2CBC7B8403BF}"
EndProject
Global
	GlobalSection(SolutionConfigurationPlatforms) = preSolution
		Debug|Any CPU = Debug|Any CPU
		Release|Any CPU = Release|Any CPU
	EndGlobalSection
	GlobalSection(ProjectConfigurationPlatforms) = postSolution
		{5387A3E6-81FE-4863-A306-2CBC7B8403BF}.Debug|Any CPU.ActiveCfg = Debug|Any CPU
		{5387A3E6-81FE-4863-A306-2CBC7B8403BF}.Debug|Any CPU.Build.0 = Debug|Any CPU
		{5387A3E6-81FE-4863-A306-2CBC7B8403BF}.Release|Any CPU.ActiveCfg = Release|Any CPU
		{5387A3E6-81FE-4863-A306-2CBC7B8403BF}.Release|Any CPU.Build.0 = Release|Any CPU
	EndGlobalSection
	GlobalSection(SolutionProperties) = preSolution
		HideSolutionNode = FALSE
	EndGlobalSection
	GlobalSection(ExtensibilityGlobals) = postSolution
		SolutionGuid = {5DD281C5-DC04-496C-BC7B-162A8D8E0344}
	EndGlobalSection
EndGlobal
